{
  "name": "ASCIIChart",
  "version": "1.0.0",
  "lockfileVersion": 1,
  "requires": true,
  "dependencies": {
    "@types/node": {
      "version": "14.0.27",
      "resolved": "https://registry.npmjs.org/@types/node/-/node-14.0.27.tgz",
      "integrity": "sha512-kVrqXhbclHNHGu9ztnAwSncIgJv/FaxmzXJvGXNdcCpV1b8u1/Mi6z6m0vwy0LzKeXFTPLH0NzwmoJ3fNCIq0g=="
    },
    "asciichart": {
      "version": "1.5.24",
      "resolved": "https://registry.npmjs.org/asciichart/-/asciichart-1.5.24.tgz",
      "integrity": "sha512-ZvIF1uIvSsRnIygcjq9NnMUoZKGONF9bowhmHr7N/qkR34lkvEDWc/HEzmYp4osVC4/dkGEAHEAiqB2uJs+a+w=="
    }
  }
}
